// !$*UTF8*$!
{
	archiveVersion = 1;
	classes = {
	};
	objectVersion = 46;
	objects = {

/* Begin PBXBuildFile section */
		24FF20E4470D9AE489C81A1E /* Pods_stratechery.framework in Frameworks */ = {isa = PBXBuildFile; fileRef = F30C0390D18FD730579B13EA /* Pods_stratechery.framework */; };
		D0E19E9FF8B917E24BF502D4 /* Pods_stratecheryUITests.framework in Frameworks */ = {isa = PBXBuildFile; fileRef = B6DA22BDC8771DF349DA4EE4 /* Pods_stratecheryUITests.framework */; };
		F8CDBA51D4A4E49347E8C7C7 /* Pods_stratecheryTests.framework in Frameworks */ = {isa = PBXBuildFile; fileRef = 9314665A2F5590D8750982D3 /* Pods_stratecheryTests.framework */; };
		FAAAFBFA1F176BC70004900D /* AppDelegate.swift in Sources */ = {isa = PBXBuildFile; fileRef = FAAAFBF91F176BC70004900D /* AppDelegate.swift */; };
		FAAAFBFC1F176BC70004900D /* ViewController.swift in Sources */ = {isa = PBXBuildFile; fileRef = FAAAFBFB1F176BC70004900D /* ViewController.swift */; };
		FAAAFBFF1F176BC70004900D /* Main.storyboard in Resources */ = {isa = PBXBuildFile; fileRef = FAAAFBFD1F176BC70004900D /* Main.storyboard */; };
		FAAAFC011F176BC70004900D /* Assets.xcassets in Resources */ = {isa = PBXBuildFile; fileRef = FAAAFC001F176BC70004900D /* Assets.xcassets */; };
		FAAAFC041F176BC70004900D /* LaunchScreen.storyboard in Resources */ = {isa = PBXBuildFile; fileRef = FAAAFC021F176BC70004900D /* LaunchScreen.storyboard */; };
		FAAAFC0F1F176BC70004900D /* stratecheryTests.swift in Sources */ = {isa = PBXBuildFile; fileRef = FAAAFC0E1F176BC70004900D /* stratecheryTests.swift */; };
		FAAAFC1A1F176BC70004900D /* stratecheryUITests.swift in Sources */ = {isa = PBXBuildFile; fileRef = FAAAFC191F176BC70004900D /* stratecheryUITests.swift */; };
/* End PBXBuildFile section */

/* Begin PBXContainerItemProxy section */
		FAAAFC0B1F176BC70004900D /* PBXContainerItemProxy */ = {
			isa = PBXContainerItemProxy;
			containerPortal = FAAAFBEE1F176BC70004900D /* Project object */;
			proxyType = 1;
			remoteGlobalIDString = FAAAFBF51F176BC70004900D;
			remoteInfo = stratechery;
		};
		FAAAFC161F176BC70004900D /* PBXContainerItemProxy */ = {
			isa = PBXContainerItemProxy;
			containerPortal = FAAAFBEE1F176BC70004900D /* Project object */;
			proxyType = 1;
			remoteGlobalIDString = FAAAFBF51F176BC70004900D;
			remoteInfo = stratechery;
		};
/* End PBXContainerItemProxy section */

/* Begin PBXFileReference section */
		2056E3880AF717B3E30339A2 /* Pods-stratecheryUITests.release.xcconfig */ = {isa = PBXFileReference; includeInIndex = 1; lastKnownFileType = text.xcconfig; name = "Pods-stratecheryUITests.release.xcconfig"; path = "Pods/Target Support Files/Pods-stratecheryUITests/Pods-stratecheryUITests.release.xcconfig"; sourceTree = "<group>"; };
		2FEDDFED02638B4FCFF81DEC /* Pods-stratechery.debug.xcconfig */ = {isa = PBXFileReference; includeInIndex = 1; lastKnownFileType = text.xcconfig; name = "Pods-stratechery.debug.xcconfig"; path = "Pods/Target Support Files/Pods-stratechery/Pods-stratechery.debug.xcconfig"; sourceTree = "<group>"; };
		3C3513FD0421D3E7341EE910 /* Pods-stratecheryTests.release.xcconfig */ = {isa = PBXFileReference; includeInIndex = 1; lastKnownFileType = text.xcconfig; name = "Pods-stratecheryTests.release.xcconfig"; path = "Pods/Target Support Files/Pods-stratecheryTests/Pods-stratecheryTests.release.xcconfig"; sourceTree = "<group>"; };
		400762A70B5D13741519D12D /* Pods-stratechery.release.xcconfig */ = {isa = PBXFileReference; includeInIndex = 1; lastKnownFileType = text.xcconfig; name = "Pods-stratechery.release.xcconfig"; path = "Pods/Target Support Files/Pods-stratechery/Pods-stratechery.release.xcconfig"; sourceTree = "<group>"; };
		7051ABA3377E3CFF6C92C3C9 /* Pods-stratecheryTests.debug.xcconfig */ = {isa = PBXFileReference; includeInIndex = 1; lastKnownFileType = text.xcconfig; name = "Pods-stratecheryTests.debug.xcconfig"; path = "Pods/Target Support Files/Pods-stratecheryTests/Pods-stratecheryTests.debug.xcconfig"; sourceTree = "<group>"; };
		788ECA1B30D6E3B1768B4077 /* Pods-stratecheryUITests.debug.xcconfig */ = {isa = PBXFileReference; includeInIndex = 1; lastKnownFileType = text.xcconfig; name = "Pods-stratecheryUITests.debug.xcconfig"; path = "Pods/Target Support Files/Pods-stratecheryUITests/Pods-stratecheryUITests.debug.xcconfig"; sourceTree = "<group>"; };
		9314665A2F5590D8750982D3 /* Pods_stratecheryTests.framework */ = {isa = PBXFileReference; explicitFileType = wrapper.framework; includeInIndex = 0; path = Pods_stratecheryTests.framework; sourceTree = BUILT_PRODUCTS_DIR; };
		B6DA22BDC8771DF349DA4EE4 /* Pods_stratecheryUITests.framework */ = {isa = PBXFileReference; explicitFileType = wrapper.framework; includeInIndex = 0; path = Pods_stratecheryUITests.framework; sourceTree = BUILT_PRODUCTS_DIR; };
		F30C0390D18FD730579B13EA /* Pods_stratechery.framework */ = {isa = PBXFileReference; explicitFileType = wrapper.framework; includeInIndex = 0; path = Pods_stratechery.framework; sourceTree = BUILT_PRODUCTS_DIR; };
		FAAAFBF61F176BC70004900D /* stratechery.app */ = {isa = PBXFileReference; explicitFileType = wrapper.application; includeInIndex = 0; path = stratechery.app; sourceTree = BUILT_PRODUCTS_DIR; };
		FAAAFBF91F176BC70004900D /* AppDelegate.swift */ = {isa = PBXFileReference; lastKnownFileType = sourcecode.swift; path = AppDelegate.swift; sourceTree = "<group>"; };
		FAAAFBFB1F176BC70004900D /* ViewController.swift */ = {isa = PBXFileReference; lastKnownFileType = sourcecode.swift; path = ViewController.swift; sourceTree = "<group>"; };
		FAAAFBFE1F176BC70004900D /* Base */ = {isa = PBXFileReference; lastKnownFileType = file.storyboard; name = Base; path = Base.lproj/Main.storyboard; sourceTree = "<group>"; };
		FAAAFC001F176BC70004900D /* Assets.xcassets */ = {isa = PBXFileReference; lastKnownFileType = folder.assetcatalog; path = Assets.xcassets; sourceTree = "<group>"; };
		FAAAFC031F176BC70004900D /* Base */ = {isa = PBXFileReference; lastKnownFileType = file.storyboard; name = Base; path = Base.lproj/LaunchScreen.storyboard; sourceTree = "<group>"; };
		FAAAFC051F176BC70004900D /* Info.plist */ = {isa = PBXFileReference; lastKnownFileType = text.plist.xml; path = Info.plist; sourceTree = "<group>"; };
		FAAAFC0A1F176BC70004900D /* stratecheryTests.xctest */ = {isa = PBXFileReference; explicitFileType = wrapper.cfbundle; includeInIndex = 0; path = stratecheryTests.xctest; sourceTree = BUILT_PRODUCTS_DIR; };
		FAAAFC0E1F176BC70004900D /* stratecheryTests.swift */ = {isa = PBXFileReference; lastKnownFileType = sourcecode.swift; path = stratecheryTests.swift; sourceTree = "<group>"; };
		FAAAFC101F176BC70004900D /* Info.plist */ = {isa = PBXFileReference; lastKnownFileType = text.plist.xml; path = Info.plist; sourceTree = "<group>"; };
		FAAAFC151F176BC70004900D /* stratecheryUITests.xctest */ = {isa = PBXFileReference; explicitFileType = wrapper.cfbundle; includeInIndex = 0; path = stratecheryUITests.xctest; sourceTree = BUILT_PRODUCTS_DIR; };
		FAAAFC191F176BC70004900D /* stratecheryUITests.swift */ = {isa = PBXFileReference; lastKnownFileType = sourcecode.swift; path = stratecheryUITests.swift; sourceTree = "<group>"; };
		FAAAFC1B1F176BC70004900D /* Info.plist */ = {isa = PBXFileReference; lastKnownFileType = text.plist.xml; path = Info.plist; sourceTree = "<group>"; };
/* End PBXFileReference section */

/* Begin PBXFrameworksBuildPhase section */
		FAAAFBF31F176BC70004900D /* Frameworks */ = {
			isa = PBXFrameworksBuildPhase;
			buildActionMask = 2147483647;
			files = (
				24FF20E4470D9AE489C81A1E /* Pods_stratechery.framework in Frameworks */,
			);
			runOnlyForDeploymentPostprocessing = 0;
		};
		FAAAFC071F176BC70004900D /* Frameworks */ = {
			isa = PBXFrameworksBuildPhase;
			buildActionMask = 2147483647;
			files = (
				F8CDBA51D4A4E49347E8C7C7 /* Pods_stratecheryTests.framework in Frameworks */,
			);
			runOnlyForDeploymentPostprocessing = 0;
		};
		FAAAFC121F176BC70004900D /* Frameworks */ = {
			isa = PBXFrameworksBuildPhase;
			buildActionMask = 2147483647;
			files = (
				D0E19E9FF8B917E24BF502D4 /* Pods_stratecheryUITests.framework in Frameworks */,
			);
			runOnlyForDeploymentPostprocessing = 0;
		};
/* End PBXFrameworksBuildPhase section */

/* Begin PBXGroup section */
		5C292D31900A380F6B487867 /* Frameworks */ = {
			isa = PBXGroup;
			children = (
				F30C0390D18FD730579B13EA /* Pods_stratechery.framework */,
				9314665A2F5590D8750982D3 /* Pods_stratecheryTests.framework */,
				B6DA22BDC8771DF349DA4EE4 /* Pods_stratecheryUITests.framework */,
			);
			name = Frameworks;
			sourceTree = "<group>";
		};
		DF40EC6F6D11B762641034B2 /* Pods */ = {
			isa = PBXGroup;
			children = (
				2FEDDFED02638B4FCFF81DEC /* Pods-stratechery.debug.xcconfig */,
				400762A70B5D13741519D12D /* Pods-stratechery.release.xcconfig */,
				7051ABA3377E3CFF6C92C3C9 /* Pods-stratecheryTests.debug.xcconfig */,
				3C3513FD0421D3E7341EE910 /* Pods-stratecheryTests.release.xcconfig */,
				788ECA1B30D6E3B1768B4077 /* Pods-stratecheryUITests.debug.xcconfig */,
				2056E3880AF717B3E30339A2 /* Pods-stratecheryUITests.release.xcconfig */,
			);
			name = Pods;
			sourceTree = "<group>";
		};
		FAAAFBED1F176BC70004900D = {
			isa = PBXGroup;
			children = (
				FAAAFBF81F176BC70004900D /* stratechery */,
				FAAAFC0D1F176BC70004900D /* stratecheryTests */,
				FAAAFC181F176BC70004900D /* stratecheryUITests */,
				FAAAFBF71F176BC70004900D /* Products */,
				DF40EC6F6D11B762641034B2 /* Pods */,
				5C292D31900A380F6B487867 /* Frameworks */,
			);
			sourceTree = "<group>";
		};
		FAAAFBF71F176BC70004900D /* Products */ = {
			isa = PBXGroup;
			children = (
				FAAAFBF61F176BC70004900D /* stratechery.app */,
				FAAAFC0A1F176BC70004900D /* stratecheryTests.xctest */,
				FAAAFC151F176BC70004900D /* stratecheryUITests.xctest */,
			);
			name = Products;
			sourceTree = "<group>";
		};
		FAAAFBF81F176BC70004900D /* stratechery */ = {
			isa = PBXGroup;
			children = (
				FAAAFBF91F176BC70004900D /* AppDelegate.swift */,
				FAAAFBFB1F176BC70004900D /* ViewController.swift */,
				FAAAFBFD1F176BC70004900D /* Main.storyboard */,
				FAAAFC001F176BC70004900D /* Assets.xcassets */,
				FAAAFC021F176BC70004900D /* LaunchScreen.storyboard */,
				FAAAFC051F176BC70004900D /* Info.plist */,
			);
			path = stratechery;
			sourceTree = "<group>";
		};
		FAAAFC0D1F176BC70004900D /* stratecheryTests */ = {
			isa = PBXGroup;
			children = (
				FAAAFC0E1F176BC70004900D /* stratecheryTests.swift */,
				FAAAFC101F176BC70004900D /* Info.plist */,
			);
			path = stratecheryTests;
			sourceTree = "<group>";
		};
		FAAAFC181F176BC70004900D /* stratecheryUITests */ = {
			isa = PBXGroup;
			children = (
				FAAAFC191F176BC70004900D /* stratecheryUITests.swift */,
				FAAAFC1B1F176BC70004900D /* Info.plist */,
			);
			path = stratecheryUITests;
			sourceTree = "<group>";
		};
/* End PBXGroup section */

/* Begin PBXNativeTarget section */
		FAAAFBF51F176BC70004900D /* stratechery */ = {
			isa = PBXNativeTarget;
			buildConfigurationList = FAAAFC1E1F176BC70004900D /* Build configuration list for PBXNativeTarget "stratechery" */;
			buildPhases = (
				1CE68F6FFE33BACE90B113C6 /* [CP] Check Pods Manifest.lock */,
				FAAAFBF21F176BC70004900D /* Sources */,
				FAAAFBF31F176BC70004900D /* Frameworks */,
				FAAAFBF41F176BC70004900D /* Resources */,
				0AF8165C6CB93CA0509C87AB /* [CP] Embed Pods Frameworks */,
				EB05A4F0BAE420BE9FED4C8B /* [CP] Copy Pods Resources */,
			);
			buildRules = (
			);
			dependencies = (
			);
			name = stratechery;
			productName = stratechery;
			productReference = FAAAFBF61F176BC70004900D /* stratechery.app */;
			productType = "com.apple.product-type.application";
		};
		FAAAFC091F176BC70004900D /* stratecheryTests */ = {
			isa = PBXNativeTarget;
			buildConfigurationList = FAAAFC211F176BC70004900D /* Build configuration list for PBXNativeTarget "stratecheryTests" */;
			buildPhases = (
				F22A989F4AAF6D981C178245 /* [CP] Check Pods Manifest.lock */,
				FAAAFC061F176BC70004900D /* Sources */,
				FAAAFC071F176BC70004900D /* Frameworks */,
				FAAAFC081F176BC70004900D /* Resources */,
				788CA14B6020B6E3409F0E16 /* [CP] Embed Pods Frameworks */,
				E05C9E8CB44D507855A9F49F /* [CP] Copy Pods Resources */,
			);
			buildRules = (
			);
			dependencies = (
				FAAAFC0C1F176BC70004900D /* PBXTargetDependency */,
			);
			name = stratecheryTests;
			productName = stratecheryTests;
			productReference = FAAAFC0A1F176BC70004900D /* stratecheryTests.xctest */;
			productType = "com.apple.product-type.bundle.unit-test";
		};
		FAAAFC141F176BC70004900D /* stratecheryUITests */ = {
			isa = PBXNativeTarget;
			buildConfigurationList = FAAAFC241F176BC70004900D /* Build configuration list for PBXNativeTarget "stratecheryUITests" */;
			buildPhases = (
				FEF64794070D8AE6167B8FA2 /* [CP] Check Pods Manifest.lock */,
				FAAAFC111F176BC70004900D /* Sources */,
				FAAAFC121F176BC70004900D /* Frameworks */,
				FAAAFC131F176BC70004900D /* Resources */,
				0575949CC38D5B538ACBD835 /* [CP] Embed Pods Frameworks */,
				440DEDEC7DA0EE72ABA82F85 /* [CP] Copy Pods Resources */,
			);
			buildRules = (
			);
			dependencies = (
				FAAAFC171F176BC70004900D /* PBXTargetDependency */,
			);
			name = stratecheryUITests;
			productName = stratecheryUITests;
			productReference = FAAAFC151F176BC70004900D /* stratecheryUITests.xctest */;
			productType = "com.apple.product-type.bundle.ui-testing";
		};
/* End PBXNativeTarget section */

/* Begin PBXProject section */
		FAAAFBEE1F176BC70004900D /* Project object */ = {
			isa = PBXProject;
			attributes = {
				LastSwiftUpdateCheck = 0830;
				LastUpgradeCheck = 0830;
				ORGANIZATIONNAME = zaka;
				TargetAttributes = {
					FAAAFBF51F176BC70004900D = {
						CreatedOnToolsVersion = 8.3.3;
						ProvisioningStyle = Automatic;
					};
					FAAAFC091F176BC70004900D = {
						CreatedOnToolsVersion = 8.3.3;
						ProvisioningStyle = Automatic;
						TestTargetID = FAAAFBF51F176BC70004900D;
					};
					FAAAFC141F176BC70004900D = {
						CreatedOnToolsVersion = 8.3.3;
						ProvisioningStyle = Automatic;
						TestTargetID = FAAAFBF51F176BC70004900D;
					};
				};
			};
			buildConfigurationList = FAAAFBF11F176BC70004900D /* Build configuration list for PBXProject "stratechery" */;
			compatibilityVersion = "Xcode 3.2";
			developmentRegion = English;
			hasScannedForEncodings = 0;
			knownRegions = (
				en,
				Base,
			);
			mainGroup = FAAAFBED1F176BC70004900D;
			productRefGroup = FAAAFBF71F176BC70004900D /* Products */;
			projectDirPath = "";
			projectRoot = "";
			targets = (
				FAAAFBF51F176BC70004900D /* stratechery */,
				FAAAFC091F176BC70004900D /* stratecheryTests */,
				FAAAFC141F176BC70004900D /* stratecheryUITests */,
			);
		};
/* End PBXProject section */

/* Begin PBXResourcesBuildPhase section */
		FAAAFBF41F176BC70004900D /* Resources */ = {
			isa = PBXResourcesBuildPhase;
			buildActionMask = 2147483647;
			files = (
				FAAAFC041F176BC70004900D /* LaunchScreen.storyboard in Resources */,
				FAAAFC011F176BC70004900D /* Assets.xcassets in Resources */,
				FAAAFBFF1F176BC70004900D /* Main.storyboard in Resources */,
			);
			runOnlyForDeploymentPostprocessing = 0;
		};
		FAAAFC081F176BC70004900D /* Resources */ = {
			isa = PBXResourcesBuildPhase;
			buildActionMask = 2147483647;
			files = (
			);
			runOnlyForDeploymentPostprocessing = 0;
		};
		FAAAFC131F176BC70004900D /* Resources */ = {
			isa = PBXResourcesBuildPhase;
			buildActionMask = 2147483647;
			files = (
			);
			runOnlyForDeploymentPostprocessing = 0;
		};
/* End PBXResourcesBuildPhase section */

/* Begin PBXShellScriptBuildPhase section */
		0575949CC38D5B538ACBD835 /* [CP] Embed Pods Frameworks */ = {
			isa = PBXShellScriptBuildPhase;
			buildActionMask = 2147483647;
			files = (
			);
			inputPaths = (
			);
			name = "[CP] Embed Pods Frameworks";
			outputPaths = (
			);
			runOnlyForDeploymentPostprocessing = 0;
			shellPath = /bin/sh;
			shellScript = "\"${SRCROOT}/Pods/Target Support Files/Pods-stratecheryUITests/Pods-stratecheryUITests-frameworks.sh\"\n";
			showEnvVarsInLog = 0;
		};
		0AF8165C6CB93CA0509C87AB /* [CP] Embed Pods Frameworks */ = {
			isa = PBXShellScriptBuildPhase;
			buildActionMask = 2147483647;
			files = (
			);
			inputPaths = (
			);
			name = "[CP] Embed Pods Frameworks";
			outputPaths = (
			);
			runOnlyForDeploymentPostprocessing = 0;
			shellPath = /bin/sh;
			shellScript = "\"${SRCROOT}/Pods/Target Support Files/Pods-stratechery/Pods-stratechery-frameworks.sh\"\n";
			showEnvVarsInLog = 0;
		};
		1CE68F6FFE33BACE90B113C6 /* [CP] Check Pods Manifest.lock */ = {
			isa = PBXShellScriptBuildPhase;
			buildActionMask = 2147483647;
			files = (
			);
			inputPaths = (
			);
			name = "[CP] Check Pods Manifest.lock";
			outputPaths = (
			);
			runOnlyForDeploymentPostprocessing = 0;
			shellPath = /bin/sh;
			shellScript = "diff \"${PODS_PODFILE_DIR_PATH}/Podfile.lock\" \"${PODS_ROOT}/Manifest.lock\" > /dev/null\nif [ $? != 0 ] ; then\n    # print error to STDERR\n    echo \"error: The sandbox is not in sync with the Podfile.lock. Run 'pod install' or update your CocoaPods installation.\" >&2\n    exit 1\nfi\n";
			showEnvVarsInLog = 0;
		};
		440DEDEC7DA0EE72ABA82F85 /* [CP] Copy Pods Resources */ = {
			isa = PBXShellScriptBuildPhase;
			buildActionMask = 2147483647;
			files = (
			);
			inputPaths = (
			);
			name = "[CP] Copy Pods Resources";
			outputPaths = (
			);
			runOnlyForDeploymentPostprocessing = 0;
			shellPath = /bin/sh;
			shellScript = "\"${SRCROOT}/Pods/Target Support Files/Pods-stratecheryUITests/Pods-stratecheryUITests-resources.sh\"\n";
			showEnvVarsInLog = 0;
		};
		788CA14B6020B6E3409F0E16 /* [CP] Embed Pods Frameworks */ = {
			isa = PBXShellScriptBuildPhase;
			buildActionMask = 2147483647;
			files = (
			);
			inputPaths = (
			);
			name = "[CP] Embed Pods Frameworks";
			outputPaths = (
			);
			runOnlyForDeploymentPostprocessing = 0;
			shellPath = /bin/sh;
			shellScript = "\"${SRCROOT}/Pods/Target Support Files/Pods-stratecheryTests/Pods-stratecheryTests-frameworks.sh\"\n";
			showEnvVarsInLog = 0;
		};
		E05C9E8CB44D507855A9F49F /* [CP] Copy Pods Resources */ = {
			isa = PBXShellScriptBuildPhase;
			buildActionMask = 2147483647;
			files = (
			);
			inputPaths = (
			);
			name = "[CP] Copy Pods Resources";
			outputPaths = (
			);
			runOnlyForDeploymentPostprocessing = 0;
			shellPath = /bin/sh;
			shellScript = "\"${SRCROOT}/Pods/Target Support Files/Pods-stratecheryTests/Pods-stratecheryTests-resources.sh\"\n";
			showEnvVarsInLog = 0;
		};
		EB05A4F0BAE420BE9FED4C8B /* [CP] Copy Pods Resources */ = {
			isa = PBXShellScriptBuildPhase;
			buildActionMask = 2147483647;
			files = (
			);
			inputPaths = (
			);
			name = "[CP] Copy Pods Resources";
			outputPaths = (
			);
			runOnlyForDeploymentPostprocessing = 0;
			shellPath = /bin/sh;
			shellScript = "\"${SRCROOT}/Pods/Target Support Files/Pods-stratechery/Pods-stratechery-resources.sh\"\n";
			showEnvVarsInLog = 0;
		};
		F22A989F4AAF6D981C178245 /* [CP] Check Pods Manifest.lock */ = {
			isa = PBXShellScriptBuildPhase;
			buildActionMask = 2147483647;
			files = (
			);
			inputPaths = (
			);
			name = "[CP] Check Pods Manifest.lock";
			outputPaths = (
			);
			runOnlyForDeploymentPostprocessing = 0;
			shellPath = /bin/sh;
			shellScript = "diff \"${PODS_PODFILE_DIR_PATH}/Podfile.lock\" \"${PODS_ROOT}/Manifest.lock\" > /dev/null\nif [ $? != 0 ] ; then\n    # print error to STDERR\n    echo \"error: The sandbox is not in sync with the Podfile.lock. Run 'pod install' or update your CocoaPods installation.\" >&2\n    exit 1\nfi\n";
			showEnvVarsInLog = 0;
		};
		FEF64794070D8AE6167B8FA2 /* [CP] Check Pods Manifest.lock */ = {
			isa = PBXShellScriptBuildPhase;
			buildActionMask = 2147483647;
			files = (
			);
			inputPaths = (
			);
			name = "[CP] Check Pods Manifest.lock";
			outputPaths = (
			);
			runOnlyForDeploymentPostprocessing = 0;
			shellPath = /bin/sh;
			shellScript = "diff \"${PODS_PODFILE_DIR_PATH}/Podfile.lock\" \"${PODS_ROOT}/Manifest.lock\" > /dev/null\nif [ $? != 0 ] ; then\n    # print error to STDERR\n    echo \"error: The sandbox is not in sync with the Podfile.lock. Run 'pod install' or update your CocoaPods installation.\" >&2\n    exit 1\nfi\n";
			showEnvVarsInLog = 0;
		};
/* End PBXShellScriptBuildPhase section */

/* Begin PBXSourcesBuildPhase section */
		FAAAFBF21F176BC70004900D /* Sources */ = {
			isa = PBXSourcesBuildPhase;
			buildActionMask = 2147483647;
			files = (
				FAAAFBFC1F176BC70004900D /* ViewController.swift in Sources */,
				FAAAFBFA1F176BC70004900D /* AppDelegate.swift in Sources */,
			);
			runOnlyForDeploymentPostprocessing = 0;
		};
		FAAAFC061F176BC70004900D /* Sources */ = {
			isa = PBXSourcesBuildPhase;
			buildActionMask = 2147483647;
			files = (
				FAAAFC0F1F176BC70004900D /* stratecheryTests.swift in Sources */,
			);
			runOnlyForDeploymentPostprocessing = 0;
		};
		FAAAFC111F176BC70004900D /* Sources */ = {
			isa = PBXSourcesBuildPhase;
			buildActionMask = 2147483647;
			files = (
				FAAAFC1A1F176BC70004900D /* stratecheryUITests.swift in Sources */,
			);
			runOnlyForDeploymentPostprocessing = 0;
		};
/* End PBXSourcesBuildPhase section */

/* Begin PBXTargetDependency section */
		FAAAFC0C1F176BC70004900D /* PBXTargetDependency */ = {
			isa = PBXTargetDependency;
			target = FAAAFBF51F176BC70004900D /* stratechery */;
			targetProxy = FAAAFC0B1F176BC70004900D /* PBXContainerItemProxy */;
		};
		FAAAFC171F176BC70004900D /* PBXTargetDependency */ = {
			isa = PBXTargetDependency;
			target = FAAAFBF51F176BC70004900D /* stratechery */;
			targetProxy = FAAAFC161F176BC70004900D /* PBXContainerItemProxy */;
		};
/* End PBXTargetDependency section */

/* Begin PBXVariantGroup section */
		FAAAFBFD1F176BC70004900D /* Main.storyboard */ = {
			isa = PBXVariantGroup;
			children = (
				FAAAFBFE1F176BC70004900D /* Base */,
			);
			name = Main.storyboard;
			sourceTree = "<group>";
		};
		FAAAFC021F176BC70004900D /* LaunchScreen.storyboard */ = {
			isa = PBXVariantGroup;
			children = (
				FAAAFC031F176BC70004900D /* Base */,
			);
			name = LaunchScreen.storyboard;
			sourceTree = "<group>";
		};
/* End PBXVariantGroup section */

/* Begin XCBuildConfiguration section */
		FAAAFC1C1F176BC70004900D /* Debug */ = {
			isa = XCBuildConfiguration;
			buildSettings = {
				ALWAYS_SEARCH_USER_PATHS = NO;
				CLANG_ANALYZER_NONNULL = YES;
				CLANG_ANALYZER_NUMBER_OBJECT_CONVERSION = YES_AGGRESSIVE;
				CLANG_CXX_LANGUAGE_STANDARD = "gnu++0x";
				CLANG_CXX_LIBRARY = "libc++";
				CLANG_ENABLE_MODULES = YES;
				CLANG_ENABLE_OBJC_ARC = YES;
				CLANG_WARN_BOOL_CONVERSION = YES;
				CLANG_WARN_CONSTANT_CONVERSION = YES;
				CLANG_WARN_DIRECT_OBJC_ISA_USAGE = YES_ERROR;
				CLANG_WARN_DOCUMENTATION_COMMENTS = YES;
				CLANG_WARN_EMPTY_BODY = YES;
				CLANG_WARN_ENUM_CONVERSION = YES;
				CLANG_WARN_INFINITE_RECURSION = YES;
				CLANG_WARN_INT_CONVERSION = YES;
				CLANG_WARN_OBJC_ROOT_CLASS = YES_ERROR;
				CLANG_WARN_SUSPICIOUS_MOVE = YES;
				CLANG_WARN_UNREACHABLE_CODE = YES;
				CLANG_WARN__DUPLICATE_METHOD_MATCH = YES;
				"CODE_SIGN_IDENTITY[sdk=iphoneos*]" = "iPhone Developer";
				COPY_PHASE_STRIP = NO;
				DEBUG_INFORMATION_FORMAT = dwarf;
				ENABLE_STRICT_OBJC_MSGSEND = YES;
				ENABLE_TESTABILITY = YES;
				GCC_C_LANGUAGE_STANDARD = gnu99;
				GCC_DYNAMIC_NO_PIC = NO;
				GCC_NO_COMMON_BLOCKS = YES;
				GCC_OPTIMIZATION_LEVEL = 0;
				GCC_PREPROCESSOR_DEFINITIONS = (
					"DEBUG=1",
					"$(inherited)",
				);
				GCC_WARN_64_TO_32_BIT_CONVERSION = YES;
				GCC_WARN_ABOUT_RETURN_TYPE = YES_ERROR;
				GCC_WARN_UNDECLARED_SELECTOR = YES;
				GCC_WARN_UNINITIALIZED_AUTOS = YES_AGGRESSIVE;
				GCC_WARN_UNUSED_FUNCTION = YES;
				GCC_WARN_UNUSED_VARIABLE = YES;
				IPHONEOS_DEPLOYMENT_TARGET = 10.3;
				MTL_ENABLE_DEBUG_INFO = YES;
				ONLY_ACTIVE_ARCH = YES;
				SDKROOT = iphoneos;
				SWIFT_ACTIVE_COMPILATION_CONDITIONS = DEBUG;
				SWIFT_OPTIMIZATION_LEVEL = "-Onone";
			};
			name = Debug;
		};
		FAAAFC1D1F176BC70004900D /* Release */ = {
			isa = XCBuildConfiguration;
			buildSettings = {
				ALWAYS_SEARCH_USER_PATHS = NO;
				CLANG_ANALYZER_NONNULL = YES;
				CLANG_ANALYZER_NUMBER_OBJECT_CONVERSION = YES_AGGRESSIVE;
				CLANG_CXX_LANGUAGE_STANDARD = "gnu++0x";
				CLANG_CXX_LIBRARY = "libc++";
				CLANG_ENABLE_MODULES = YES;
				CLANG_ENABLE_OBJC_ARC = YES;
				CLANG_WARN_BOOL_CONVERSION = YES;
				CLANG_WARN_CONSTANT_CONVERSION = YES;
				CLANG_WARN_DIRECT_OBJC_ISA_USAGE = YES_ERROR;
				CLANG_WARN_DOCUMENTATION_COMMENTS = YES;
				CLANG_WARN_EMPTY_BODY = YES;
				CLANG_WARN_ENUM_CONVERSION = YES;
				CLANG_WARN_INFINITE_RECURSION = YES;
				CLANG_WARN_INT_CONVERSION = YES;
				CLANG_WARN_OBJC_ROOT_CLASS = YES_ERROR;
				CLANG_WARN_SUSPICIOUS_MOVE = YES;
				CLANG_WARN_UNREACHABLE_CODE = YES;
				CLANG_WARN__DUPLICATE_METHOD_MATCH = YES;
				"CODE_SIGN_IDENTITY[sdk=iphoneos*]" = "iPhone Developer";
				COPY_PHASE_STRIP = NO;
				DEBUG_INFORMATION_FORMAT = "dwarf-with-dsym";
				ENABLE_NS_ASSERTIONS = NO;
				ENABLE_STRICT_OBJC_MSGSEND = YES;
				GCC_C_LANGUAGE_STANDARD = gnu99;
				GCC_NO_COMMON_BLOCKS = YES;
				GCC_WARN_64_TO_32_BIT_CONVERSION = YES;
				GCC_WARN_ABOUT_RETURN_TYPE = YES_ERROR;
				GCC_WARN_UNDECLARED_SELECTOR = YES;
				GCC_WARN_UNINITIALIZED_AUTOS = YES_AGGRESSIVE;
				GCC_WARN_UNUSED_FUNCTION = YES;
				GCC_WARN_UNUSED_VARIABLE = YES;
				IPHONEOS_DEPLOYMENT_TARGET = 10.3;
				MTL_ENABLE_DEBUG_INFO = NO;
				SDKROOT = iphoneos;
				SWIFT_OPTIMIZATION_LEVEL = "-Owholemodule";
				VALIDATE_PRODUCT = YES;
			};
			name = Release;
		};
		FAAAFC1F1F176BC70004900D /* Debug */ = {
			isa = XCBuildConfiguration;
			baseConfigurationReference = 2FEDDFED02638B4FCFF81DEC /* Pods-stratechery.debug.xcconfig */;
			buildSettings = {
				ASSETCATALOG_COMPILER_APPICON_NAME = AppIcon;
				INFOPLIST_FILE = stratechery/Info.plist;
				LD_RUNPATH_SEARCH_PATHS = "$(inherited) @executable_path/Frameworks";
				PRODUCT_BUNDLE_IDENTIFIER = stratechery.com.stratechery;
				PRODUCT_NAME = "$(TARGET_NAME)";
				SWIFT_VERSION = 3.0;
			};
			name = Debug;
		};
		FAAAFC201F176BC70004900D /* Release */ = {
			isa = XCBuildConfiguration;
			baseConfigurationReference = 400762A70B5D13741519D12D /* Pods-stratechery.release.xcconfig */;
			buildSettings = {
				ASSETCATALOG_COMPILER_APPICON_NAME = AppIcon;
				INFOPLIST_FILE = stratechery/Info.plist;
				LD_RUNPATH_SEARCH_PATHS = "$(inherited) @executable_path/Frameworks";
				PRODUCT_BUNDLE_IDENTIFIER = stratechery.com.stratechery;
				PRODUCT_NAME = "$(TARGET_NAME)";
				SWIFT_VERSION = 3.0;
			};
			name = Release;
		};
		FAAAFC221F176BC70004900D /* Debug */ = {
			isa = XCBuildConfiguration;
			baseConfigurationReference = 7051ABA3377E3CFF6C92C3C9 /* Pods-stratecheryTests.debug.xcconfig */;
			buildSettings = {
				ALWAYS_EMBED_SWIFT_STANDARD_LIBRARIES = YES;
				BUNDLE_LOADER = "$(TEST_HOST)";
				INFOPLIST_FILE = stratecheryTests/Info.plist;
				LD_RUNPATH_SEARCH_PATHS = "$(inherited) @executable_path/Frameworks @loader_path/Frameworks";
				PRODUCT_BUNDLE_IDENTIFIER = stratechery.com.stratecheryTests;
				PRODUCT_NAME = "$(TARGET_NAME)";
				SWIFT_VERSION = 3.0;
				TEST_HOST = "$(BUILT_PRODUCTS_DIR)/stratechery.app/stratechery";
			};
			name = Debug;
		};
		FAAAFC231F176BC70004900D /* Release */ = {
			isa = XCBuildConfiguration;
			baseConfigurationReference = 3C3513FD0421D3E7341EE910 /* Pods-stratecheryTests.release.xcconfig */;
			buildSettings = {
				ALWAYS_EMBED_SWIFT_STANDARD_LIBRARIES = YES;
				BUNDLE_LOADER = "$(TEST_HOST)";
				INFOPLIST_FILE = stratecheryTests/Info.plist;
				LD_RUNPATH_SEARCH_PATHS = "$(inherited) @executable_path/Frameworks @loader_path/Frameworks";
				PRODUCT_BUNDLE_IDENTIFIER = stratechery.com.stratecheryTests;
				PRODUCT_NAME = "$(TARGET_NAME)";
				SWIFT_VERSION = 3.0;
				TEST_HOST = "$(BUILT_PRODUCTS_DIR)/stratechery.app/stratechery";
			};
			name = Release;
		};
		FAAAFC251F176BC70004900D /* Debug */ = {
			isa = XCBuildConfiguration;
			baseConfigurationReference = 788ECA1B30D6E3B1768B4077 /* Pods-stratecheryUITests.debug.xcconfig */;
			buildSettings = {
				ALWAYS_EMBED_SWIFT_STANDARD_LIBRARIES = YES;
				INFOPLIST_FILE = stratecheryUITests/Info.plist;
				LD_RUNPATH_SEARCH_PATHS = "$(inherited) @executable_path/Frameworks @loader_path/Frameworks";
				PRODUCT_BUNDLE_IDENTIFIER = stratechery.com.stratecheryUITests;
				PRODUCT_NAME = "$(TARGET_NAME)";
				SWIFT_VERSION = 3.0;
				TEST_TARGET_NAME = stratechery;
			};
			name = Debug;
		};
		FAAAFC261F176BC70004900D /* Release */ = {
			isa = XCBuildConfiguration;
			baseConfigurationReference = 2056E3880AF717B3E30339A2 /* Pods-stratecheryUITests.release.xcconfig */;
			buildSettings = {
				ALWAYS_EMBED_SWIFT_STANDARD_LIBRARIES = YES;
				INFOPLIST_FILE = stratecheryUITests/Info.plist;
				LD_RUNPATH_SEARCH_PATHS = "$(inherited) @executable_path/Frameworks @loader_path/Frameworks";
				PRODUCT_BUNDLE_IDENTIFIER = stratechery.com.stratecheryUITests;
				PRODUCT_NAME = "$(TARGET_NAME)";
				SWIFT_VERSION = 3.0;
				TEST_TARGET_NAME = stratechery;
			};
			name = Release;
		};
/* End XCBuildConfiguration section */

/* Begin XCConfigurationList section */
		FAAAFBF11F176BC70004900D /* Build configuration list for PBXProject "stratechery" */ = {
			isa = XCConfigurationList;
			buildConfigurations = (
				FAAAFC1C1F176BC70004900D /* Debug */,
				FAAAFC1D1F176BC70004900D /* Release */,
			);
			defaultConfigurationIsVisible = 0;
			defaultConfigurationName = Release;
		};
		FAAAFC1E1F176BC70004900D /* Build configuration list for PBXNativeTarget "stratechery" */ = {
			isa = XCConfigurationList;
			buildConfigurations = (
				FAAAFC1F1F176BC70004900D /* Debug */,
				FAAAFC201F176BC70004900D /* Release */,
			);
			defaultConfigurationIsVisible = 0;
		};
		FAAAFC211F176BC70004900D /* Build configuration list for PBXNativeTarget "stratecheryTests" */ = {
			isa = XCConfigurationList;
			buildConfigurations = (
				FAAAFC221F176BC70004900D /* Debug */,
				FAAAFC231F176BC70004900D /* Release */,
			);
			defaultConfigurationIsVisible = 0;
		};
		FAAAFC241F176BC70004900D /* Build configuration list for PBXNativeTarget "stratecheryUITests" */ = {
			isa = XCConfigurationList;
			buildConfigurations = (
				FAAAFC251F176BC70004900D /* Debug */,
				FAAAFC261F176BC70004900D /* Release */,
			);
			defaultConfigurationIsVisible = 0;
		};
/* End XCConfigurationList section */
	};
	rootObject = FAAAFBEE1F176BC70004900D /* Project object */;
}
